
Microsoft Visual Studio Solution File, Format Version 12.00
# Visual Studio Version 17
VisualStudioVersion = 17.0.31919.166
MinimumVisualStudioVersion = 10.0.40219.1
Project("{FAE04EC0-301F-11D3-BF4B-00C04F79EFBC}") = "SantaWorkshop", "SantaWorkshop\SantaWorkshop.csproj", "{6E7F33A4-072F-477F-96E9-BEE75636A331}"
EndProject
Global
	GlobalSection(SolutionConfigurationPlatforms) = preSolution
		Debug|Any CPU = Debug|Any CPU
		Release|Any CPU = Release|Any CPU
	EndGlobalSection
	GlobalSection(ProjectConfigurationPlatforms) = postSolution
		{6E7F33A4-072F-477F-96E9-BEE75636A331}.Debug|Any CPU.ActiveCfg = Debug|Any CPU
		{6E7F33A4-072F-477F-96E9-BEE75636A331}.Debug|Any CPU.Build.0 = Debug|Any CPU
		{6E7F33A4-072F-477F-96E9-BEE75636A331}.Release|Any CPU.ActiveCfg = Release|Any CPU
		{6E7F33A4-072F-477F-96E9-BEE75636A331}.Release|Any CPU.Build.0 = Release|Any CPU
	EndGlobalSection
	GlobalSection(SolutionProperties) = preSolution
		HideSolutionNode = FALSE
	EndGlobalSection
	GlobalSection(ExtensibilityGlobals) = postSolution
		SolutionGuid = {DEB80606-6B93-436E-A168-AFB7E28A16FA}
	EndGlobalSection
EndGlobal
